
Microsoft Visual Studio Solution File, Format Version 12.00
# Visual Studio Version 17
VisualStudioVersion = 17.13.35825.156 d17.13
MinimumVisualStudioVersion = 10.0.40219.1
Project("{FAE04EC0-301F-11D3-BF4B-00C04F79EFBC}") = "Lista-Linear-e-Flexivel", "Lista-Linear-e-Flexivel.csproj", "{DDABDB72-4CE3-4CC0-A358-E7EE4BA42B9B}"
EndProject
Global
	GlobalSection(SolutionConfigurationPlatforms) = preSolution
		Debug|Any CPU = Debug|Any CPU
		Release|Any CPU = Release|Any CPU
	EndGlobalSection
	GlobalSection(ProjectConfigurationPlatforms) = postSolution
		{DDABDB72-4CE3-4CC0-A358-E7EE4BA42B9B}.Debug|Any CPU.ActiveCfg = Debug|Any CPU
		{DDABDB72-4CE3-4CC0-A358-E7EE4BA42B9B}.Debug|Any CPU.Build.0 = Debug|Any CPU
		{DDABDB72-4CE3-4CC0-A358-E7EE4BA42B9B}.Release|Any CPU.ActiveCfg = Release|Any CPU
		{DDABDB72-4CE3-4CC0-A358-E7EE4BA42B9B}.Release|Any CPU.Build.0 = Release|Any CPU
	EndGlobalSection
	GlobalSection(SolutionProperties) = preSolution
		HideSolutionNode = FALSE
	EndGlobalSection
	GlobalSection(ExtensibilityGlobals) = postSolution
		SolutionGuid = {93407FAE-456F-4108-B957-AAB0E5A56120}
	EndGlobalSection
EndGlobal
